
Microsoft Visual Studio Solution File, Format Version 12.00
# Visual Studio Version 16
VisualStudioVersion = 16.0.28803.156
MinimumVisualStudioVersion = 10.0.40219.1
Project("{FAE04EC0-301F-11D3-BF4B-00C04F79EFBC}") = "MV Sneaky Opus", "MV Sneaky Opus\MV Sneaky Opus.csproj", "{715941C5-FE50-401E-B297-251CED938061}"
EndProject
Global
	GlobalSection(SolutionConfigurationPlatforms) = preSolution
		Debug|Any CPU = Debug|Any CPU
		Release|Any CPU = Release|Any CPU
	EndGlobalSection
	GlobalSection(ProjectConfigurationPlatforms) = postSolution
		{715941C5-FE50-401E-B297-251CED938061}.Debug|Any CPU.ActiveCfg = Debug|Any CPU
		{715941C5-FE50-401E-B297-251CED938061}.Debug|Any CPU.Build.0 = Debug|Any CPU
		{715941C5-FE50-401E-B297-251CED938061}.Release|Any CPU.ActiveCfg = Release|Any CPU
		{715941C5-FE50-401E-B297-251CED938061}.Release|Any CPU.Build.0 = Release|Any CPU
	EndGlobalSection
	GlobalSection(SolutionProperties) = preSolution
		HideSolutionNode = FALSE
	EndGlobalSection
	GlobalSection(ExtensibilityGlobals) = postSolution
		SolutionGuid = {BA3467B7-B61D-4BD4-A9AB-C17EFEB2DC7B}
	EndGlobalSection
EndGlobal
